// !$*UTF8*$!
{
	archiveVersion = 1;
	classes = {
	};
	objectVersion = 51;
	objects = {

/* Begin PBXBuildFile section */
		350429C72402A16000A31EC9 /* AnyStatement.mm in Sources */ = {isa = PBXBuildFile; fileRef = 350429C52402A15F00A31EC9 /* AnyStatement.mm */; };
		3588943523EA04F500C8F22A /* AppDelegate.m in Sources */ = {isa = PBXBuildFile; fileRef = 3588943423EA04F500C8F22A /* AppDelegate.m */; };
		3588943823EA04F500C8F22A /* SceneDelegate.m in Sources */ = {isa = PBXBuildFile; fileRef = 3588943723EA04F500C8F22A /* SceneDelegate.m */; };
		3588943B23EA04F500C8F22A /* ViewController.m in Sources */ = {isa = PBXBuildFile; fileRef = 3588943A23EA04F500C8F22A /* ViewController.m */; };
		3588943E23EA04F500C8F22A /* Main.storyboard in Resources */ = {isa = PBXBuildFile; fileRef = 3588943C23EA04F500C8F22A /* Main.storyboard */; };
		3588944023EA04F700C8F22A /* Assets.xcassets in Resources */ = {isa = PBXBuildFile; fileRef = 3588943F23EA04F700C8F22A /* Assets.xcassets */; };
		3588944323EA04F700C8F22A /* LaunchScreen.storyboard in Resources */ = {isa = PBXBuildFile; fileRef = 3588944123EA04F700C8F22A /* LaunchScreen.storyboard */; };
		3588944623EA04F700C8F22A /* main.m in Sources */ = {isa = PBXBuildFile; fileRef = 3588944523EA04F700C8F22A /* main.m */; };
		3588945023EA04F700C8F22A /* WCDBTestsTests.mm in Sources */ = {isa = PBXBuildFile; fileRef = 3588944F23EA04F700C8F22A /* WCDBTestsTests.mm */; };
		3588945B23EA04F700C8F22A /* WCDBTestsUITests.m in Sources */ = {isa = PBXBuildFile; fileRef = 3588945A23EA04F700C8F22A /* WCDBTestsUITests.m */; };
		3588946D23EA063800C8F22A /* Model.mm in Sources */ = {isa = PBXBuildFile; fileRef = 3588946A23EA063800C8F22A /* Model.mm */; };
		3588947423EA07D900C8F22A /* NSArray+Functional.m in Sources */ = {isa = PBXBuildFile; fileRef = 3588947323EA07D900C8F22A /* NSArray+Functional.m */; };
		586A73096D16EC77527B475C /* Pods_WCDBTests.framework in Frameworks */ = {isa = PBXBuildFile; fileRef = B531441E5B15872CFFC74A4B /* Pods_WCDBTests.framework */; };
		9AFB966C30B4A2302BF17E3A /* Pods_WCDBTestsTests.framework in Frameworks */ = {isa = PBXBuildFile; fileRef = B131799E0C0181C7F6BE9167 /* Pods_WCDBTestsTests.framework */; };
/* End PBXBuildFile section */

/* Begin PBXContainerItemProxy section */
		3588944C23EA04F700C8F22A /* PBXContainerItemProxy */ = {
			isa = PBXContainerItemProxy;
			containerPortal = 3588942823EA04F500C8F22A /* Project object */;
			proxyType = 1;
			remoteGlobalIDString = 3588942F23EA04F500C8F22A;
			remoteInfo = WCDBTests;
		};
		3588945723EA04F700C8F22A /* PBXContainerItemProxy */ = {
			isa = PBXContainerItemProxy;
			containerPortal = 3588942823EA04F500C8F22A /* Project object */;
			proxyType = 1;
			remoteGlobalIDString = 3588942F23EA04F500C8F22A;
			remoteInfo = WCDBTests;
		};
/* End PBXContainerItemProxy section */

/* Begin PBXFileReference section */
		1B687DFF6E571A73950489FA /* Pods-WCDBTestsTests.debug.xcconfig */ = {isa = PBXFileReference; includeInIndex = 1; lastKnownFileType = text.xcconfig; name = "Pods-WCDBTestsTests.debug.xcconfig"; path = "Target Support Files/Pods-WCDBTestsTests/Pods-WCDBTestsTests.debug.xcconfig"; sourceTree = "<group>"; };
		350429C52402A15F00A31EC9 /* AnyStatement.mm */ = {isa = PBXFileReference; fileEncoding = 4; lastKnownFileType = sourcecode.cpp.objcpp; path = AnyStatement.mm; sourceTree = "<group>"; };
		350429C62402A15F00A31EC9 /* AnyStatement.h */ = {isa = PBXFileReference; fileEncoding = 4; lastKnownFileType = sourcecode.c.h; path = AnyStatement.h; sourceTree = "<group>"; };
		3588943023EA04F500C8F22A /* WCDBTests.app */ = {isa = PBXFileReference; explicitFileType = wrapper.application; includeInIndex = 0; path = WCDBTests.app; sourceTree = BUILT_PRODUCTS_DIR; };
		3588943323EA04F500C8F22A /* AppDelegate.h */ = {isa = PBXFileReference; lastKnownFileType = sourcecode.c.h; path = AppDelegate.h; sourceTree = "<group>"; };
		3588943423EA04F500C8F22A /* AppDelegate.m */ = {isa = PBXFileReference; lastKnownFileType = sourcecode.c.objc; path = AppDelegate.m; sourceTree = "<group>"; };
		3588943623EA04F500C8F22A /* SceneDelegate.h */ = {isa = PBXFileReference; lastKnownFileType = sourcecode.c.h; path = SceneDelegate.h; sourceTree = "<group>"; };
		3588943723EA04F500C8F22A /* SceneDelegate.m */ = {isa = PBXFileReference; lastKnownFileType = sourcecode.c.objc; path = SceneDelegate.m; sourceTree = "<group>"; };
		3588943923EA04F500C8F22A /* ViewController.h */ = {isa = PBXFileReference; lastKnownFileType = sourcecode.c.h; path = ViewController.h; sourceTree = "<group>"; };
		3588943A23EA04F500C8F22A /* ViewController.m */ = {isa = PBXFileReference; lastKnownFileType = sourcecode.c.objc; path = ViewController.m; sourceTree = "<group>"; };
		3588943D23EA04F500C8F22A /* Base */ = {isa = PBXFileReference; lastKnownFileType = file.storyboard; name = Base; path = Base.lproj/Main.storyboard; sourceTree = "<group>"; };
		3588943F23EA04F700C8F22A /* Assets.xcassets */ = {isa = PBXFileReference; lastKnownFileType = folder.assetcatalog; path = Assets.xcassets; sourceTree = "<group>"; };
		3588944223EA04F700C8F22A /* Base */ = {isa = PBXFileReference; lastKnownFileType = file.storyboard; name = Base; path = Base.lproj/LaunchScreen.storyboard; sourceTree = "<group>"; };
		3588944423EA04F700C8F22A /* Info.plist */ = {isa = PBXFileReference; lastKnownFileType = text.plist.xml; path = Info.plist; sourceTree = "<group>"; };
		3588944523EA04F700C8F22A /* main.m */ = {isa = PBXFileReference; lastKnownFileType = sourcecode.c.objc; path = main.m; sourceTree = "<group>"; };
		3588944B23EA04F700C8F22A /* WCDBTestsTests.xctest */ = {isa = PBXFileReference; explicitFileType = wrapper.cfbundle; includeInIndex = 0; path = WCDBTestsTests.xctest; sourceTree = BUILT_PRODUCTS_DIR; };
		3588944F23EA04F700C8F22A /* WCDBTestsTests.mm */ = {isa = PBXFileReference; lastKnownFileType = sourcecode.cpp.objcpp; path = WCDBTestsTests.mm; sourceTree = "<group>"; };
		3588945123EA04F700C8F22A /* Info.plist */ = {isa = PBXFileReference; lastKnownFileType = text.plist.xml; path = Info.plist; sourceTree = "<group>"; };
		3588945623EA04F700C8F22A /* WCDBTestsUITests.xctest */ = {isa = PBXFileReference; explicitFileType = wrapper.cfbundle; includeInIndex = 0; path = WCDBTestsUITests.xctest; sourceTree = BUILT_PRODUCTS_DIR; };
		3588945A23EA04F700C8F22A /* WCDBTestsUITests.m */ = {isa = PBXFileReference; lastKnownFileType = sourcecode.c.objc; path = WCDBTestsUITests.m; sourceTree = "<group>"; };
		3588945C23EA04F700C8F22A /* Info.plist */ = {isa = PBXFileReference; lastKnownFileType = text.plist.xml; path = Info.plist; sourceTree = "<group>"; };
		3588946A23EA063800C8F22A /* Model.mm */ = {isa = PBXFileReference; lastKnownFileType = sourcecode.cpp.objcpp; path = Model.mm; sourceTree = "<group>"; };
		3588946B23EA063800C8F22A /* Model+WCTTableCoding.h */ = {isa = PBXFileReference; lastKnownFileType = sourcecode.c.h; path = "Model+WCTTableCoding.h"; sourceTree = "<group>"; };
		3588946C23EA063800C8F22A /* Model.h */ = {isa = PBXFileReference; lastKnownFileType = sourcecode.c.h; path = Model.h; sourceTree = "<group>"; };
		3588947223EA07D900C8F22A /* NSArray+Functional.h */ = {isa = PBXFileReference; lastKnownFileType = sourcecode.c.h; path = "NSArray+Functional.h"; sourceTree = "<group>"; };
		3588947323EA07D900C8F22A /* NSArray+Functional.m */ = {isa = PBXFileReference; lastKnownFileType = sourcecode.c.objc; path = "NSArray+Functional.m"; sourceTree = "<group>"; };
		7B62115B2AADCB28449B0914 /* Pods-WCDBTests.release.xcconfig */ = {isa = PBXFileReference; includeInIndex = 1; lastKnownFileType = text.xcconfig; name = "Pods-WCDBTests.release.xcconfig"; path = "Target Support Files/Pods-WCDBTests/Pods-WCDBTests.release.xcconfig"; sourceTree = "<group>"; };
		9FA311B5725F3E8056C8A349 /* Pods-WCDBTests.debug.xcconfig */ = {isa = PBXFileReference; includeInIndex = 1; lastKnownFileType = text.xcconfig; name = "Pods-WCDBTests.debug.xcconfig"; path = "Target Support Files/Pods-WCDBTests/Pods-WCDBTests.debug.xcconfig"; sourceTree = "<group>"; };
		B131799E0C0181C7F6BE9167 /* Pods_WCDBTestsTests.framework */ = {isa = PBXFileReference; explicitFileType = wrapper.framework; includeInIndex = 0; path = Pods_WCDBTestsTests.framework; sourceTree = BUILT_PRODUCTS_DIR; };
		B531441E5B15872CFFC74A4B /* Pods_WCDBTests.framework */ = {isa = PBXFileReference; explicitFileType = wrapper.framework; includeInIndex = 0; path = Pods_WCDBTests.framework; sourceTree = BUILT_PRODUCTS_DIR; };
		CFBC9833F20A8D58288D727E /* Pods-WCDBTestsTests.release.xcconfig */ = {isa = PBXFileReference; includeInIndex = 1; lastKnownFileType = text.xcconfig; name = "Pods-WCDBTestsTests.release.xcconfig"; path = "Target Support Files/Pods-WCDBTestsTests/Pods-WCDBTestsTests.release.xcconfig"; sourceTree = "<group>"; };
/* End PBXFileReference section */

/* Begin PBXFrameworksBuildPhase section */
		3588942D23EA04F500C8F22A /* Frameworks */ = {
			isa = PBXFrameworksBuildPhase;
			buildActionMask = 2147483647;
			files = (
				586A73096D16EC77527B475C /* Pods_WCDBTests.framework in Frameworks */,
			);
			runOnlyForDeploymentPostprocessing = 0;
		};
		3588944823EA04F700C8F22A /* Frameworks */ = {
			isa = PBXFrameworksBuildPhase;
			buildActionMask = 2147483647;
			files = (
				9AFB966C30B4A2302BF17E3A /* Pods_WCDBTestsTests.framework in Frameworks */,
			);
			runOnlyForDeploymentPostprocessing = 0;
		};
		3588945323EA04F700C8F22A /* Frameworks */ = {
			isa = PBXFrameworksBuildPhase;
			buildActionMask = 2147483647;
			files = (
			);
			runOnlyForDeploymentPostprocessing = 0;
		};
/* End PBXFrameworksBuildPhase section */

/* Begin PBXGroup section */
		3588942723EA04F500C8F22A = {
			isa = PBXGroup;
			children = (
				3588943223EA04F500C8F22A /* WCDBTests */,
				3588944E23EA04F700C8F22A /* WCDBTestsTests */,
				3588945923EA04F700C8F22A /* WCDBTestsUITests */,
				3588943123EA04F500C8F22A /* Products */,
				BC53F422A4918EEB314A22A2 /* Pods */,
				788162086091110644A23782 /* Frameworks */,
			);
			sourceTree = "<group>";
		};
		3588943123EA04F500C8F22A /* Products */ = {
			isa = PBXGroup;
			children = (
				3588943023EA04F500C8F22A /* WCDBTests.app */,
				3588944B23EA04F700C8F22A /* WCDBTestsTests.xctest */,
				3588945623EA04F700C8F22A /* WCDBTestsUITests.xctest */,
			);
			name = Products;
			sourceTree = "<group>";
		};
		3588943223EA04F500C8F22A /* WCDBTests */ = {
			isa = PBXGroup;
			children = (
				3588947123EA07C100C8F22A /* utils */,
				3588946923EA062200C8F22A /* wcdb */,
				3588946823EA05FB00C8F22A /* UI */,
				3588944423EA04F700C8F22A /* Info.plist */,
				3588944523EA04F700C8F22A /* main.m */,
			);
			path = WCDBTests;
			sourceTree = "<group>";
		};
		3588944E23EA04F700C8F22A /* WCDBTestsTests */ = {
			isa = PBXGroup;
			children = (
				3588944F23EA04F700C8F22A /* WCDBTestsTests.mm */,
				3588945123EA04F700C8F22A /* Info.plist */,
			);
			path = WCDBTestsTests;
			sourceTree = "<group>";
		};
		3588945923EA04F700C8F22A /* WCDBTestsUITests */ = {
			isa = PBXGroup;
			children = (
				3588945A23EA04F700C8F22A /* WCDBTestsUITests.m */,
				3588945C23EA04F700C8F22A /* Info.plist */,
			);
			path = WCDBTestsUITests;
			sourceTree = "<group>";
		};
		3588946823EA05FB00C8F22A /* UI */ = {
			isa = PBXGroup;
			children = (
				3588943C23EA04F500C8F22A /* Main.storyboard */,
				3588943F23EA04F700C8F22A /* Assets.xcassets */,
				3588944123EA04F700C8F22A /* LaunchScreen.storyboard */,
				3588943323EA04F500C8F22A /* AppDelegate.h */,
				3588943423EA04F500C8F22A /* AppDelegate.m */,
				3588943623EA04F500C8F22A /* SceneDelegate.h */,
				3588943723EA04F500C8F22A /* SceneDelegate.m */,
				3588943923EA04F500C8F22A /* ViewController.h */,
				3588943A23EA04F500C8F22A /* ViewController.m */,
			);
			path = UI;
			sourceTree = "<group>";
		};
		3588946923EA062200C8F22A /* wcdb */ = {
			isa = PBXGroup;
			children = (
				350429C62402A15F00A31EC9 /* AnyStatement.h */,
				350429C52402A15F00A31EC9 /* AnyStatement.mm */,
				3588946C23EA063800C8F22A /* Model.h */,
				3588946A23EA063800C8F22A /* Model.mm */,
				3588946B23EA063800C8F22A /* Model+WCTTableCoding.h */,
			);
			path = wcdb;
			sourceTree = "<group>";
		};
		3588947123EA07C100C8F22A /* utils */ = {
			isa = PBXGroup;
			children = (
				3588947223EA07D900C8F22A /* NSArray+Functional.h */,
				3588947323EA07D900C8F22A /* NSArray+Functional.m */,
			);
			path = utils;
			sourceTree = "<group>";
		};
		788162086091110644A23782 /* Frameworks */ = {
			isa = PBXGroup;
			children = (
				B531441E5B15872CFFC74A4B /* Pods_WCDBTests.framework */,
				B131799E0C0181C7F6BE9167 /* Pods_WCDBTestsTests.framework */,
			);
			name = Frameworks;
			sourceTree = "<group>";
		};
		BC53F422A4918EEB314A22A2 /* Pods */ = {
			isa = PBXGroup;
			children = (
				9FA311B5725F3E8056C8A349 /* Pods-WCDBTests.debug.xcconfig */,
				7B62115B2AADCB28449B0914 /* Pods-WCDBTests.release.xcconfig */,
				1B687DFF6E571A73950489FA /* Pods-WCDBTestsTests.debug.xcconfig */,
				CFBC9833F20A8D58288D727E /* Pods-WCDBTestsTests.release.xcconfig */,
			);
			path = Pods;
			sourceTree = "<group>";
		};
/* End PBXGroup section */

/* Begin PBXNativeTarget section */
		3588942F23EA04F500C8F22A /* WCDBTests */ = {
			isa = PBXNativeTarget;
			buildConfigurationList = 3588945F23EA04F700C8F22A /* Build configuration list for PBXNativeTarget "WCDBTests" */;
			buildPhases = (
				00BA75C7241C8E67B4B57D5B /* [CP] Check Pods Manifest.lock */,
				3588942C23EA04F500C8F22A /* Sources */,
				3588942D23EA04F500C8F22A /* Frameworks */,
				3588942E23EA04F500C8F22A /* Resources */,
				8C3214C94232A46B04118DC0 /* [CP] Embed Pods Frameworks */,
			);
			buildRules = (
			);
			dependencies = (
			);
			name = WCDBTests;
			productName = WCDBTests;
			productReference = 3588943023EA04F500C8F22A /* WCDBTests.app */;
			productType = "com.apple.product-type.application";
		};
		3588944A23EA04F700C8F22A /* WCDBTestsTests */ = {
			isa = PBXNativeTarget;
			buildConfigurationList = 3588946223EA04F700C8F22A /* Build configuration list for PBXNativeTarget "WCDBTestsTests" */;
			buildPhases = (
				26DB35A0BFE323B0E395681B /* [CP] Check Pods Manifest.lock */,
				3588944723EA04F700C8F22A /* Sources */,
				3588944823EA04F700C8F22A /* Frameworks */,
				3588944923EA04F700C8F22A /* Resources */,
			);
			buildRules = (
			);
			dependencies = (
				3588944D23EA04F700C8F22A /* PBXTargetDependency */,
			);
			name = WCDBTestsTests;
			productName = WCDBTestsTests;
			productReference = 3588944B23EA04F700C8F22A /* WCDBTestsTests.xctest */;
			productType = "com.apple.product-type.bundle.unit-test";
		};
		3588945523EA04F700C8F22A /* WCDBTestsUITests */ = {
			isa = PBXNativeTarget;
			buildConfigurationList = 3588946523EA04F700C8F22A /* Build configuration list for PBXNativeTarget "WCDBTestsUITests" */;
			buildPhases = (
				3588945223EA04F700C8F22A /* Sources */,
				3588945323EA04F700C8F22A /* Frameworks */,
				3588945423EA04F700C8F22A /* Resources */,
			);
			buildRules = (
			);
			dependencies = (
				3588945823EA04F700C8F22A /* PBXTargetDependency */,
			);
			name = WCDBTestsUITests;
			productName = WCDBTestsUITests;
			productReference = 3588945623EA04F700C8F22A /* WCDBTestsUITests.xctest */;
			productType = "com.apple.product-type.bundle.ui-testing";
		};
/* End PBXNativeTarget section */

/* Begin PBXProject section */
		3588942823EA04F500C8F22A /* Project object */ = {
			isa = PBXProject;
			attributes = {
				LastUpgradeCheck = 1130;
				ORGANIZATIONNAME = "Maimemo Inc.";
				TargetAttributes = {
					3588942F23EA04F500C8F22A = {
						CreatedOnToolsVersion = 11.3.1;
					};
					3588944A23EA04F700C8F22A = {
						CreatedOnToolsVersion = 11.3.1;
						TestTargetID = 3588942F23EA04F500C8F22A;
					};
					3588945523EA04F700C8F22A = {
						CreatedOnToolsVersion = 11.3.1;
						TestTargetID = 3588942F23EA04F500C8F22A;
					};
				};
			};
			buildConfigurationList = 3588942B23EA04F500C8F22A /* Build configuration list for PBXProject "WCDBTests" */;
			compatibilityVersion = "Xcode 9.3";
			developmentRegion = en;
			hasScannedForEncodings = 0;
			knownRegions = (
				en,
				Base,
			);
			mainGroup = 3588942723EA04F500C8F22A;
			productRefGroup = 3588943123EA04F500C8F22A /* Products */;
			projectDirPath = "";
			projectRoot = "";
			targets = (
				3588942F23EA04F500C8F22A /* WCDBTests */,
				3588944A23EA04F700C8F22A /* WCDBTestsTests */,
				3588945523EA04F700C8F22A /* WCDBTestsUITests */,
			);
		};
/* End PBXProject section */

/* Begin PBXResourcesBuildPhase section */
		3588942E23EA04F500C8F22A /* Resources */ = {
			isa = PBXResourcesBuildPhase;
			buildActionMask = 2147483647;
			files = (
				3588944323EA04F700C8F22A /* LaunchScreen.storyboard in Resources */,
				3588944023EA04F700C8F22A /* Assets.xcassets in Resources */,
				3588943E23EA04F500C8F22A /* Main.storyboard in Resources */,
			);
			runOnlyForDeploymentPostprocessing = 0;
		};
		3588944923EA04F700C8F22A /* Resources */ = {
			isa = PBXResourcesBuildPhase;
			buildActionMask = 2147483647;
			files = (
			);
			runOnlyForDeploymentPostprocessing = 0;
		};
		3588945423EA04F700C8F22A /* Resources */ = {
			isa = PBXResourcesBuildPhase;
			buildActionMask = 2147483647;
			files = (
			);
			runOnlyForDeploymentPostprocessing = 0;
		};
/* End PBXResourcesBuildPhase section */

/* Begin PBXShellScriptBuildPhase section */
		00BA75C7241C8E67B4B57D5B /* [CP] Check Pods Manifest.lock */ = {
			isa = PBXShellScriptBuildPhase;
			buildActionMask = 2147483647;
			files = (
			);
			inputFileListPaths = (
			);
			inputPaths = (
				"${PODS_PODFILE_DIR_PATH}/Podfile.lock",
				"${PODS_ROOT}/Manifest.lock",
			);
			name = "[CP] Check Pods Manifest.lock";
			outputFileListPaths = (
			);
			outputPaths = (
				"$(DERIVED_FILE_DIR)/Pods-WCDBTests-checkManifestLockResult.txt",
			);
			runOnlyForDeploymentPostprocessing = 0;
			shellPath = /bin/sh;
			shellScript = "diff \"${PODS_PODFILE_DIR_PATH}/Podfile.lock\" \"${PODS_ROOT}/Manifest.lock\" > /dev/null\nif [ $? != 0 ] ; then\n    # print error to STDERR\n    echo \"error: The sandbox is not in sync with the Podfile.lock. Run 'pod install' or update your CocoaPods installation.\" >&2\n    exit 1\nfi\n# This output is used by Xcode 'outputs' to avoid re-running this script phase.\necho \"SUCCESS\" > \"${SCRIPT_OUTPUT_FILE_0}\"\n";
			showEnvVarsInLog = 0;
		};
		26DB35A0BFE323B0E395681B /* [CP] Check Pods Manifest.lock */ = {
			isa = PBXShellScriptBuildPhase;
			buildActionMask = 2147483647;
			files = (
			);
			inputFileListPaths = (
			);
			inputPaths = (
				"${PODS_PODFILE_DIR_PATH}/Podfile.lock",
				"${PODS_ROOT}/Manifest.lock",
			);
			name = "[CP] Check Pods Manifest.lock";
			outputFileListPaths = (
			);
			outputPaths = (
				"$(DERIVED_FILE_DIR)/Pods-WCDBTestsTests-checkManifestLockResult.txt",
			);
			runOnlyForDeploymentPostprocessing = 0;
			shellPath = /bin/sh;
			shellScript = "diff \"${PODS_PODFILE_DIR_PATH}/Podfile.lock\" \"${PODS_ROOT}/Manifest.lock\" > /dev/null\nif [ $? != 0 ] ; then\n    # print error to STDERR\n    echo \"error: The sandbox is not in sync with the Podfile.lock. Run 'pod install' or update your CocoaPods installation.\" >&2\n    exit 1\nfi\n# This output is used by Xcode 'outputs' to avoid re-running this script phase.\necho \"SUCCESS\" > \"${SCRIPT_OUTPUT_FILE_0}\"\n";
			showEnvVarsInLog = 0;
		};
		8C3214C94232A46B04118DC0 /* [CP] Embed Pods Frameworks */ = {
			isa = PBXShellScriptBuildPhase;
			buildActionMask = 2147483647;
			files = (
			);
			inputFileListPaths = (
				"${PODS_ROOT}/Target Support Files/Pods-WCDBTests/Pods-WCDBTests-frameworks-${CONFIGURATION}-input-files.xcfilelist",
			);
			name = "[CP] Embed Pods Frameworks";
			outputFileListPaths = (
				"${PODS_ROOT}/Target Support Files/Pods-WCDBTests/Pods-WCDBTests-frameworks-${CONFIGURATION}-output-files.xcfilelist",
			);
			runOnlyForDeploymentPostprocessing = 0;
			shellPath = /bin/sh;
			shellScript = "\"${PODS_ROOT}/Target Support Files/Pods-WCDBTests/Pods-WCDBTests-frameworks.sh\"\n";
			showEnvVarsInLog = 0;
		};
/* End PBXShellScriptBuildPhase section */

/* Begin PBXSourcesBuildPhase section */
		3588942C23EA04F500C8F22A /* Sources */ = {
			isa = PBXSourcesBuildPhase;
			buildActionMask = 2147483647;
			files = (
				3588943B23EA04F500C8F22A /* ViewController.m in Sources */,
				3588943523EA04F500C8F22A /* AppDelegate.m in Sources */,
				350429C72402A16000A31EC9 /* AnyStatement.mm in Sources */,
				3588944623EA04F700C8F22A /* main.m in Sources */,
				3588947423EA07D900C8F22A /* NSArray+Functional.m in Sources */,
				3588943823EA04F500C8F22A /* SceneDelegate.m in Sources */,
				3588946D23EA063800C8F22A /* Model.mm in Sources */,
			);
			runOnlyForDeploymentPostprocessing = 0;
		};
		3588944723EA04F700C8F22A /* Sources */ = {
			isa = PBXSourcesBuildPhase;
			buildActionMask = 2147483647;
			files = (
				3588945023EA04F700C8F22A /* WCDBTestsTests.mm in Sources */,
			);
			runOnlyForDeploymentPostprocessing = 0;
		};
		3588945223EA04F700C8F22A /* Sources */ = {
			isa = PBXSourcesBuildPhase;
			buildActionMask = 2147483647;
			files = (
				3588945B23EA04F700C8F22A /* WCDBTestsUITests.m in Sources */,
			);
			runOnlyForDeploymentPostprocessing = 0;
		};
/* End PBXSourcesBuildPhase section */

/* Begin PBXTargetDependency section */
		3588944D23EA04F700C8F22A /* PBXTargetDependency */ = {
			isa = PBXTargetDependency;
			target = 3588942F23EA04F500C8F22A /* WCDBTests */;
			targetProxy = 3588944C23EA04F700C8F22A /* PBXContainerItemProxy */;
		};
		3588945823EA04F700C8F22A /* PBXTargetDependency */ = {
			isa = PBXTargetDependency;
			target = 3588942F23EA04F500C8F22A /* WCDBTests */;
			targetProxy = 3588945723EA04F700C8F22A /* PBXContainerItemProxy */;
		};
/* End PBXTargetDependency section */

/* Begin PBXVariantGroup section */
		3588943C23EA04F500C8F22A /* Main.storyboard */ = {
			isa = PBXVariantGroup;
			children = (
				3588943D23EA04F500C8F22A /* Base */,
			);
			name = Main.storyboard;
			sourceTree = "<group>";
		};
		3588944123EA04F700C8F22A /* LaunchScreen.storyboard */ = {
			isa = PBXVariantGroup;
			children = (
				3588944223EA04F700C8F22A /* Base */,
			);
			name = LaunchScreen.storyboard;
			sourceTree = "<group>";
		};
/* End PBXVariantGroup section */

/* Begin XCBuildConfiguration section */
		3588945D23EA04F700C8F22A /* Debug */ = {
			isa = XCBuildConfiguration;
			buildSettings = {
				ALWAYS_SEARCH_USER_PATHS = NO;
				CLANG_ANALYZER_NONNULL = YES;
				CLANG_ANALYZER_NUMBER_OBJECT_CONVERSION = YES_AGGRESSIVE;
				CLANG_CXX_LANGUAGE_STANDARD = "gnu++14";
				CLANG_CXX_LIBRARY = "libc++";
				CLANG_ENABLE_MODULES = YES;
				CLANG_ENABLE_OBJC_ARC = YES;
				CLANG_ENABLE_OBJC_WEAK = YES;
				CLANG_WARN_BLOCK_CAPTURE_AUTORELEASING = YES;
				CLANG_WARN_BOOL_CONVERSION = YES;
				CLANG_WARN_COMMA = YES;
				CLANG_WARN_CONSTANT_CONVERSION = YES;
				CLANG_WARN_DEPRECATED_OBJC_IMPLEMENTATIONS = YES;
				CLANG_WARN_DIRECT_OBJC_ISA_USAGE = YES_ERROR;
				CLANG_WARN_DOCUMENTATION_COMMENTS = YES;
				CLANG_WARN_EMPTY_BODY = YES;
				CLANG_WARN_ENUM_CONVERSION = YES;
				CLANG_WARN_INFINITE_RECURSION = YES;
				CLANG_WARN_INT_CONVERSION = YES;
				CLANG_WARN_NON_LITERAL_NULL_CONVERSION = YES;
				CLANG_WARN_OBJC_IMPLICIT_RETAIN_SELF = YES;
				CLANG_WARN_OBJC_LITERAL_CONVERSION = YES;
				CLANG_WARN_OBJC_ROOT_CLASS = YES_ERROR;
				CLANG_WARN_RANGE_LOOP_ANALYSIS = YES;
				CLANG_WARN_STRICT_PROTOTYPES = YES;
				CLANG_WARN_SUSPICIOUS_MOVE = YES;
				CLANG_WARN_UNGUARDED_AVAILABILITY = YES_AGGRESSIVE;
				CLANG_WARN_UNREACHABLE_CODE = YES;
				CLANG_WARN__DUPLICATE_METHOD_MATCH = YES;
				COPY_PHASE_STRIP = NO;
				DEBUG_INFORMATION_FORMAT = dwarf;
				ENABLE_STRICT_OBJC_MSGSEND = YES;
				ENABLE_TESTABILITY = YES;
				GCC_C_LANGUAGE_STANDARD = gnu11;
				GCC_DYNAMIC_NO_PIC = NO;
				GCC_NO_COMMON_BLOCKS = YES;
				GCC_OPTIMIZATION_LEVEL = 0;
				GCC_PREPROCESSOR_DEFINITIONS = (
					"DEBUG=1",
					"$(inherited)",
				);
				GCC_WARN_64_TO_32_BIT_CONVERSION = YES;
				GCC_WARN_ABOUT_RETURN_TYPE = YES_ERROR;
				GCC_WARN_UNDECLARED_SELECTOR = YES;
				GCC_WARN_UNINITIALIZED_AUTOS = YES_AGGRESSIVE;
				GCC_WARN_UNUSED_FUNCTION = YES;
				GCC_WARN_UNUSED_VARIABLE = YES;
				IPHONEOS_DEPLOYMENT_TARGET = 13.2;
				MTL_ENABLE_DEBUG_INFO = INCLUDE_SOURCE;
				MTL_FAST_MATH = YES;
				ONLY_ACTIVE_ARCH = YES;
				SDKROOT = iphoneos;
			};
			name = Debug;
		};
		3588945E23EA04F700C8F22A /* Release */ = {
			isa = XCBuildConfiguration;
			buildSettings = {
				ALWAYS_SEARCH_USER_PATHS = NO;
				CLANG_ANALYZER_NONNULL = YES;
				CLANG_ANALYZER_NUMBER_OBJECT_CONVERSION = YES_AGGRESSIVE;
				CLANG_CXX_LANGUAGE_STANDARD = "gnu++14";
				CLANG_CXX_LIBRARY = "libc++";
				CLANG_ENABLE_MODULES = YES;
				CLANG_ENABLE_OBJC_ARC = YES;
				CLANG_ENABLE_OBJC_WEAK = YES;
				CLANG_WARN_BLOCK_CAPTURE_AUTORELEASING = YES;
				CLANG_WARN_BOOL_CONVERSION = YES;
				CLANG_WARN_COMMA = YES;
				CLANG_WARN_CONSTANT_CONVERSION = YES;
				CLANG_WARN_DEPRECATED_OBJC_IMPLEMENTATIONS = YES;
				CLANG_WARN_DIRECT_OBJC_ISA_USAGE = YES_ERROR;
				CLANG_WARN_DOCUMENTATION_COMMENTS = YES;
				CLANG_WARN_EMPTY_BODY = YES;
				CLANG_WARN_ENUM_CONVERSION = YES;
				CLANG_WARN_INFINITE_RECURSION = YES;
				CLANG_WARN_INT_CONVERSION = YES;
				CLANG_WARN_NON_LITERAL_NULL_CONVERSION = YES;
				CLANG_WARN_OBJC_IMPLICIT_RETAIN_SELF = YES;
				CLANG_WARN_OBJC_LITERAL_CONVERSION = YES;
				CLANG_WARN_OBJC_ROOT_CLASS = YES_ERROR;
				CLANG_WARN_RANGE_LOOP_ANALYSIS = YES;
				CLANG_WARN_STRICT_PROTOTYPES = YES;
				CLANG_WARN_SUSPICIOUS_MOVE = YES;
				CLANG_WARN_UNGUARDED_AVAILABILITY = YES_AGGRESSIVE;
				CLANG_WARN_UNREACHABLE_CODE = YES;
				CLANG_WARN__DUPLICATE_METHOD_MATCH = YES;
				COPY_PHASE_STRIP = NO;
				DEBUG_INFORMATION_FORMAT = "dwarf-with-dsym";
				ENABLE_NS_ASSERTIONS = NO;
				ENABLE_STRICT_OBJC_MSGSEND = YES;
				GCC_C_LANGUAGE_STANDARD = gnu11;
				GCC_NO_COMMON_BLOCKS = YES;
				GCC_WARN_64_TO_32_BIT_CONVERSION = YES;
				GCC_WARN_ABOUT_RETURN_TYPE = YES_ERROR;
				GCC_WARN_UNDECLARED_SELECTOR = YES;
				GCC_WARN_UNINITIALIZED_AUTOS = YES_AGGRESSIVE;
				GCC_WARN_UNUSED_FUNCTION = YES;
				GCC_WARN_UNUSED_VARIABLE = YES;
				IPHONEOS_DEPLOYMENT_TARGET = 13.2;
				MTL_ENABLE_DEBUG_INFO = NO;
				MTL_FAST_MATH = YES;
				SDKROOT = iphoneos;
				VALIDATE_PRODUCT = YES;
			};
			name = Release;
		};
		3588946023EA04F700C8F22A /* Debug */ = {
			isa = XCBuildConfiguration;
			baseConfigurationReference = 9FA311B5725F3E8056C8A349 /* Pods-WCDBTests.debug.xcconfig */;
			buildSettings = {
				ASSETCATALOG_COMPILER_APPICON_NAME = AppIcon;
				CODE_SIGN_STYLE = Automatic;
				DEVELOPMENT_TEAM = 8AF266Z539;
				INFOPLIST_FILE = WCDBTests/Info.plist;
				LD_RUNPATH_SEARCH_PATHS = (
					"$(inherited)",
					"@executable_path/Frameworks",
				);
				PRODUCT_BUNDLE_IDENTIFIER = com.maimemo.ios.momo.WCDBTests;
				PRODUCT_NAME = "$(TARGET_NAME)";
				TARGETED_DEVICE_FAMILY = "1,2";
			};
			name = Debug;
		};
		3588946123EA04F700C8F22A /* Release */ = {
			isa = XCBuildConfiguration;
			baseConfigurationReference = 7B62115B2AADCB28449B0914 /* Pods-WCDBTests.release.xcconfig */;
			buildSettings = {
				ASSETCATALOG_COMPILER_APPICON_NAME = AppIcon;
				CODE_SIGN_STYLE = Automatic;
				DEVELOPMENT_TEAM = 8AF266Z539;
				INFOPLIST_FILE = WCDBTests/Info.plist;
				LD_RUNPATH_SEARCH_PATHS = (
					"$(inherited)",
					"@executable_path/Frameworks",
				);
				PRODUCT_BUNDLE_IDENTIFIER = com.maimemo.ios.momo.WCDBTests;
				PRODUCT_NAME = "$(TARGET_NAME)";
				TARGETED_DEVICE_FAMILY = "1,2";
			};
			name = Release;
		};
		3588946323EA04F700C8F22A /* Debug */ = {
			isa = XCBuildConfiguration;
			baseConfigurationReference = 1B687DFF6E571A73950489FA /* Pods-WCDBTestsTests.debug.xcconfig */;
			buildSettings = {
				BUNDLE_LOADER = "$(TEST_HOST)";
				CODE_SIGN_STYLE = Automatic;
				DEVELOPMENT_TEAM = 8AF266Z539;
				INFOPLIST_FILE = WCDBTestsTests/Info.plist;
				IPHONEOS_DEPLOYMENT_TARGET = 13.2;
				LD_RUNPATH_SEARCH_PATHS = (
					"$(inherited)",
					"@executable_path/Frameworks",
					"@loader_path/Frameworks",
				);
				PRODUCT_BUNDLE_IDENTIFIER = com.maimemo.ios.momo.WCDBTestsTests;
				PRODUCT_NAME = "$(TARGET_NAME)";
				TARGETED_DEVICE_FAMILY = "1,2";
				TEST_HOST = "$(BUILT_PRODUCTS_DIR)/WCDBTests.app/WCDBTests";
			};
			name = Debug;
		};
		3588946423EA04F700C8F22A /* Release */ = {
			isa = XCBuildConfiguration;
			baseConfigurationReference = CFBC9833F20A8D58288D727E /* Pods-WCDBTestsTests.release.xcconfig */;
			buildSettings = {
				BUNDLE_LOADER = "$(TEST_HOST)";
				CODE_SIGN_STYLE = Automatic;
				DEVELOPMENT_TEAM = 8AF266Z539;
				INFOPLIST_FILE = WCDBTestsTests/Info.plist;
				IPHONEOS_DEPLOYMENT_TARGET = 13.2;
				LD_RUNPATH_SEARCH_PATHS = (
					"$(inherited)",
					"@executable_path/Frameworks",
					"@loader_path/Frameworks",
				);
				PRODUCT_BUNDLE_IDENTIFIER = com.maimemo.ios.momo.WCDBTestsTests;
				PRODUCT_NAME = "$(TARGET_NAME)";
				TARGETED_DEVICE_FAMILY = "1,2";
				TEST_HOST = "$(BUILT_PRODUCTS_DIR)/WCDBTests.app/WCDBTests";
			};
			name = Release;
		};
		3588946623EA04F700C8F22A /* Debug */ = {
			isa = XCBuildConfiguration;
			buildSettings = {
				CODE_SIGN_STYLE = Automatic;
				DEVELOPMENT_TEAM = 8AF266Z539;
				INFOPLIST_FILE = WCDBTestsUITests/Info.plist;
				LD_RUNPATH_SEARCH_PATHS = (
					"$(inherited)",
					"@executable_path/Frameworks",
					"@loader_path/Frameworks",
				);
				PRODUCT_BUNDLE_IDENTIFIER = com.maimemo.ios.momo.WCDBTestsUITests;
				PRODUCT_NAME = "$(TARGET_NAME)";
				TARGETED_DEVICE_FAMILY = "1,2";
				TEST_TARGET_NAME = WCDBTests;
			};
			name = Debug;
		};
		3588946723EA04F700C8F22A /* Release */ = {
			isa = XCBuildConfiguration;
			buildSettings = {
				CODE_SIGN_STYLE = Automatic;
				DEVELOPMENT_TEAM = 8AF266Z539;
				INFOPLIST_FILE = WCDBTestsUITests/Info.plist;
				LD_RUNPATH_SEARCH_PATHS = (
					"$(inherited)",
					"@executable_path/Frameworks",
					"@loader_path/Frameworks",
				);
				PRODUCT_BUNDLE_IDENTIFIER = com.maimemo.ios.momo.WCDBTestsUITests;
				PRODUCT_NAME = "$(TARGET_NAME)";
				TARGETED_DEVICE_FAMILY = "1,2";
				TEST_TARGET_NAME = WCDBTests;
			};
			name = Release;
		};
/* End XCBuildConfiguration section */

/* Begin XCConfigurationList section */
		3588942B23EA04F500C8F22A /* Build configuration list for PBXProject "WCDBTests" */ = {
			isa = XCConfigurationList;
			buildConfigurations = (
				3588945D23EA04F700C8F22A /* Debug */,
				3588945E23EA04F700C8F22A /* Release */,
			);
			defaultConfigurationIsVisible = 0;
			defaultConfigurationName = Release;
		};
		3588945F23EA04F700C8F22A /* Build configuration list for PBXNativeTarget "WCDBTests" */ = {
			isa = XCConfigurationList;
			buildConfigurations = (
				3588946023EA04F700C8F22A /* Debug */,
				3588946123EA04F700C8F22A /* Release */,
			);
			defaultConfigurationIsVisible = 0;
			defaultConfigurationName = Release;
		};
		3588946223EA04F700C8F22A /* Build configuration list for PBXNativeTarget "WCDBTestsTests" */ = {
			isa = XCConfigurationList;
			buildConfigurations = (
				3588946323EA04F700C8F22A /* Debug */,
				3588946423EA04F700C8F22A /* Release */,
			);
			defaultConfigurationIsVisible = 0;
			defaultConfigurationName = Release;
		};
		3588946523EA04F700C8F22A /* Build configuration list for PBXNativeTarget "WCDBTestsUITests" */ = {
			isa = XCConfigurationList;
			buildConfigurations = (
				3588946623EA04F700C8F22A /* Debug */,
				3588946723EA04F700C8F22A /* Release */,
			);
			defaultConfigurationIsVisible = 0;
			defaultConfigurationName = Release;
		};
/* End XCConfigurationList section */
	};
	rootObject = 3588942823EA04F500C8F22A /* Project object */;
}
